Microsoft Visual Studio Solution File, Format Version 12.00
# Visual Studio Version 17
VisualStudioVersion = 17.5.2.0
MinimumVisualStudioVersion = 10.0.40219.1
Project("{FAE04EC0-301F-11D3-BF4B-00C04F79EFBC}") = "Magnus-BOT", "Magnus-BOT.csproj", "{DFD1C78A-B9F6-AC4D-020C-130091FE2610}"
EndProject
Global
	GlobalSection(SolutionConfigurationPlatforms) = preSolution
		Debug|Any CPU = Debug|Any CPU
		Release|Any CPU = Release|Any CPU
	EndGlobalSection
	GlobalSection(ProjectConfigurationPlatforms) = postSolution
		{DFD1C78A-B9F6-AC4D-020C-130091FE2610}.Debug|Any CPU.ActiveCfg = Debug|Any CPU
		{DFD1C78A-B9F6-AC4D-020C-130091FE2610}.Debug|Any CPU.Build.0 = Debug|Any CPU
		{DFD1C78A-B9F6-AC4D-020C-130091FE2610}.Release|Any CPU.ActiveCfg = Release|Any CPU
		{DFD1C78A-B9F6-AC4D-020C-130091FE2610}.Release|Any CPU.Build.0 = Release|Any CPU
	EndGlobalSection
	GlobalSection(SolutionProperties) = preSolution
		HideSolutionNode = FALSE
	EndGlobalSection
	GlobalSection(ExtensibilityGlobals) = postSolution
		SolutionGuid = {CB6B588E-79F3-4D9B-8BC6-51C277ACA242}
	EndGlobalSection
EndGlobal
